
Microsoft Visual Studio Solution File, Format Version 12.00
# Visual Studio 14
VisualStudioVersion = 14.0.23107.0
MinimumVisualStudioVersion = 10.0.40219.1
Project("{FAE04EC0-301F-11D3-BF4B-00C04F79EFBC}") = "SitecoreOwinFederator", "sitecoreOwinFederation\SitecoreOwinFederator.csproj", "{F6529771-8540-43AD-B415-57196DC3E5A0}"
EndProject
Project("{2150E333-8FDC-42A3-9474-1A3956D46DE8}") = "sitecorebinaries", "sitecorebinaries", "{C3C19EFF-CFD0-4403-80FE-F6FBDD0542BA}"
EndProject
Project("{2150E333-8FDC-42A3-9474-1A3956D46DE8}") = "Solution Items", "Solution Items", "{7402B0E3-476F-424C-A10B-22C93DF2C33E}"
	ProjectSection(SolutionItems) = preProject
		readme.md = readme.md
	EndProjectSection
EndProject
Global
	GlobalSection(SolutionConfigurationPlatforms) = preSolution
		Debug|Any CPU = Debug|Any CPU
		Release|Any CPU = Release|Any CPU
	EndGlobalSection
	GlobalSection(ProjectConfigurationPlatforms) = postSolution
		{F6529771-8540-43AD-B415-57196DC3E5A0}.Debug|Any CPU.ActiveCfg = Debug|Any CPU
		{F6529771-8540-43AD-B415-57196DC3E5A0}.Debug|Any CPU.Build.0 = Debug|Any CPU
		{F6529771-8540-43AD-B415-57196DC3E5A0}.Release|Any CPU.ActiveCfg = Release|Any CPU
		{F6529771-8540-43AD-B415-57196DC3E5A0}.Release|Any CPU.Build.0 = Release|Any CPU
	EndGlobalSection
	GlobalSection(SolutionProperties) = preSolution
		HideSolutionNode = FALSE
	EndGlobalSection
EndGlobal
